// !$*UTF8*$!
{
	archiveVersion = 1;
	classes = {
	};
	objectVersion = 46;
	objects = {

/* Begin PBXBuildFile section */
		404DFCA61C6594BF00BBFD28 /* Info.plist in Resources */ = {isa = PBXBuildFile; fileRef = 404DFC8C1C6594BE00BBFD28 /* Info.plist */; };
		404DFCA71C6594BF00BBFD28 /* MASCompositeConstraint.m in Sources */ = {isa = PBXBuildFile; fileRef = 404DFC8E1C6594BE00BBFD28 /* MASCompositeConstraint.m */; };
		404DFCA81C6594BF00BBFD28 /* MASConstraint.m in Sources */ = {isa = PBXBuildFile; fileRef = 404DFC911C6594BE00BBFD28 /* MASConstraint.m */; };
		404DFCA91C6594BF00BBFD28 /* MASConstraintMaker.m in Sources */ = {isa = PBXBuildFile; fileRef = 404DFC931C6594BE00BBFD28 /* MASConstraintMaker.m */; };
		404DFCAA1C6594BF00BBFD28 /* MASLayoutConstraint.m in Sources */ = {isa = PBXBuildFile; fileRef = 404DFC951C6594BE00BBFD28 /* MASLayoutConstraint.m */; };
		404DFCAB1C6594BF00BBFD28 /* MASViewAttribute.m in Sources */ = {isa = PBXBuildFile; fileRef = 404DFC991C6594BE00BBFD28 /* MASViewAttribute.m */; };
		404DFCAC1C6594BF00BBFD28 /* MASViewConstraint.m in Sources */ = {isa = PBXBuildFile; fileRef = 404DFC9B1C6594BE00BBFD28 /* MASViewConstraint.m */; };
		404DFCAD1C6594BF00BBFD28 /* NSArray+MASAdditions.m in Sources */ = {isa = PBXBuildFile; fileRef = 404DFC9D1C6594BE00BBFD28 /* NSArray+MASAdditions.m */; };
		404DFCAE1C6594BF00BBFD28 /* NSLayoutConstraint+MASDebugAdditions.m in Sources */ = {isa = PBXBuildFile; fileRef = 404DFCA01C6594BE00BBFD28 /* NSLayoutConstraint+MASDebugAdditions.m */; };
		404DFCAF1C6594BF00BBFD28 /* View+MASAdditions.m in Sources */ = {isa = PBXBuildFile; fileRef = 404DFCA21C6594BF00BBFD28 /* View+MASAdditions.m */; };
		404DFCB01C6594BF00BBFD28 /* ViewController+MASAdditions.m in Sources */ = {isa = PBXBuildFile; fileRef = 404DFCA51C6594BF00BBFD28 /* ViewController+MASAdditions.m */; };
		404DFCB51C65956600BBFD28 /* UINavigationController+JDYRotateControl.m in Sources */ = {isa = PBXBuildFile; fileRef = 404DFCB21C65956600BBFD28 /* UINavigationController+JDYRotateControl.m */; };
		404DFCB61C65956600BBFD28 /* UIView+JDYAutolayout.m in Sources */ = {isa = PBXBuildFile; fileRef = 404DFCB41C65956600BBFD28 /* UIView+JDYAutolayout.m */; };
		404DFCBC1C6595E800BBFD28 /* JDYBrowseViewControllerOld.m in Sources */ = {isa = PBXBuildFile; fileRef = 404DFCBB1C6595E800BBFD28 /* JDYBrowseViewControllerOld.m */; };
		404DFCBF1C6596D200BBFD28 /* JDYBrowseCollectionViewCellOld.m in Sources */ = {isa = PBXBuildFile; fileRef = 404DFCBE1C6596D200BBFD28 /* JDYBrowseCollectionViewCellOld.m */; };
		40CD89971C65C03E005E5765 /* UIImage+JDYSaleOld.m in Sources */ = {isa = PBXBuildFile; fileRef = 40CD89961C65C03E005E5765 /* UIImage+JDYSaleOld.m */; };
		40CE399E1C15C223008D3B9A /* jdy_browseLoading@2x.png in Resources */ = {isa = PBXBuildFile; fileRef = 40CE399C1C15C223008D3B9A /* jdy_browseLoading@2x.png */; };
		40CE399F1C15C223008D3B9A /* jdy_browseLoading@3x.png in Resources */ = {isa = PBXBuildFile; fileRef = 40CE399D1C15C223008D3B9A /* jdy_browseLoading@3x.png */; };
		40CEA2CB1C146DA2007EC251 /* UIImage+JDYScale.m in Sources */ = {isa = PBXBuildFile; fileRef = 40CEA2CA1C146DA2007EC251 /* UIImage+JDYScale.m */; };
		40CEA2D01C148A23007EC251 /* JDYCollectionViewCell.m in Sources */ = {isa = PBXBuildFile; fileRef = 40CEA2CF1C148A23007EC251 /* JDYCollectionViewCell.m */; };
		40CEC4E01C131D560060A54D /* main.m in Sources */ = {isa = PBXBuildFile; fileRef = 40CEC4DF1C131D560060A54D /* main.m */; };
		40CEC4E31C131D560060A54D /* AppDelegate.m in Sources */ = {isa = PBXBuildFile; fileRef = 40CEC4E21C131D560060A54D /* AppDelegate.m */; };
		40CEC4EB1C131D560060A54D /* Assets.xcassets in Resources */ = {isa = PBXBuildFile; fileRef = 40CEC4EA1C131D560060A54D /* Assets.xcassets */; };
		40CEC4F81C1325A40060A54D /* JDYBrowseModel.m in Sources */ = {isa = PBXBuildFile; fileRef = 40CEC4F71C1325A40060A54D /* JDYBrowseModel.m */; };
		40CEC4FB1C1326050060A54D /* JDYBrowseCollectionViewCell.m in Sources */ = {isa = PBXBuildFile; fileRef = 40CEC4FA1C1326050060A54D /* JDYBrowseCollectionViewCell.m */; };
		40CEC5011C1326930060A54D /* JDYBrowseZoomScrollView.m in Sources */ = {isa = PBXBuildFile; fileRef = 40CEC5001C1326930060A54D /* JDYBrowseZoomScrollView.m */; };
		40CEC5041C1326AC0060A54D /* JDYBrowseLoadingView.m in Sources */ = {isa = PBXBuildFile; fileRef = 40CEC5031C1326AC0060A54D /* JDYBrowseLoadingView.m */; };
		40CEC5271C1330F60060A54D /* MKAnnotationView+WebCache.m in Sources */ = {isa = PBXBuildFile; fileRef = 40CEC5071C1330F60060A54D /* MKAnnotationView+WebCache.m */; };
		40CEC5281C1330F60060A54D /* NSData+ImageContentType.m in Sources */ = {isa = PBXBuildFile; fileRef = 40CEC5091C1330F60060A54D /* NSData+ImageContentType.m */; };
		40CEC5291C1330F60060A54D /* SDImageCache.m in Sources */ = {isa = PBXBuildFile; fileRef = 40CEC50B1C1330F60060A54D /* SDImageCache.m */; };
		40CEC52A1C1330F60060A54D /* SDWebImageCompat.m in Sources */ = {isa = PBXBuildFile; fileRef = 40CEC50D1C1330F60060A54D /* SDWebImageCompat.m */; };
		40CEC52B1C1330F60060A54D /* SDWebImageDecoder.m in Sources */ = {isa = PBXBuildFile; fileRef = 40CEC50F1C1330F60060A54D /* SDWebImageDecoder.m */; };
		40CEC52C1C1330F60060A54D /* SDWebImageDownloader.m in Sources */ = {isa = PBXBuildFile; fileRef = 40CEC5111C1330F60060A54D /* SDWebImageDownloader.m */; };
		40CEC52D1C1330F60060A54D /* SDWebImageDownloaderOperation.m in Sources */ = {isa = PBXBuildFile; fileRef = 40CEC5131C1330F60060A54D /* SDWebImageDownloaderOperation.m */; };
		40CEC52E1C1330F60060A54D /* SDWebImageManager.m in Sources */ = {isa = PBXBuildFile; fileRef = 40CEC5151C1330F60060A54D /* SDWebImageManager.m */; };
		40CEC52F1C1330F60060A54D /* SDWebImagePrefetcher.m in Sources */ = {isa = PBXBuildFile; fileRef = 40CEC5181C1330F60060A54D /* SDWebImagePrefetcher.m */; };
		40CEC5301C1330F60060A54D /* UIButton+WebCache.m in Sources */ = {isa = PBXBuildFile; fileRef = 40CEC51A1C1330F60060A54D /* UIButton+WebCache.m */; };
		40CEC5311C1330F60060A54D /* UIImage+GIF.m in Sources */ = {isa = PBXBuildFile; fileRef = 40CEC51C1C1330F60060A54D /* UIImage+GIF.m */; };
		40CEC5321C1330F60060A54D /* UIImage+MultiFormat.m in Sources */ = {isa = PBXBuildFile; fileRef = 40CEC51E1C1330F60060A54D /* UIImage+MultiFormat.m */; };
		40CEC5331C1330F60060A54D /* UIImage+WebP.m in Sources */ = {isa = PBXBuildFile; fileRef = 40CEC5201C1330F60060A54D /* UIImage+WebP.m */; };
		40CEC5341C1330F60060A54D /* UIImageView+HighlightedWebCache.m in Sources */ = {isa = PBXBuildFile; fileRef = 40CEC5221C1330F60060A54D /* UIImageView+HighlightedWebCache.m */; };
		40CEC5351C1330F60060A54D /* UIImageView+WebCache.m in Sources */ = {isa = PBXBuildFile; fileRef = 40CEC5241C1330F60060A54D /* UIImageView+WebCache.m */; };
		40CEC5361C1330F60060A54D /* UIView+WebCacheOperation.m in Sources */ = {isa = PBXBuildFile; fileRef = 40CEC5261C1330F60060A54D /* UIView+WebCacheOperation.m */; };
		40CEC5391C1332030060A54D /* UIView+JDYLayout.m in Sources */ = {isa = PBXBuildFile; fileRef = 40CEC5381C1332030060A54D /* UIView+JDYLayout.m */; };
		40CF35EF1C2AE5E300095CC1 /* JDYBrowseViewController.m in Sources */ = {isa = PBXBuildFile; fileRef = 40CF35EE1C2AE5E300095CC1 /* JDYBrowseViewController.m */; };
		40D2A65B1C3827BA0088A7DD /* ViewController.m in Sources */ = {isa = PBXBuildFile; fileRef = 40D2A65A1C3827BA0088A7DD /* ViewController.m */; };
		40D3C2791C4B7409000CDC3F /* JDYNavigationController.m in Sources */ = {isa = PBXBuildFile; fileRef = 40D3C2781C4B7409000CDC3F /* JDYNavigationController.m */; };
/* End PBXBuildFile section */

/* Begin PBXFileReference section */
		404DFC8C1C6594BE00BBFD28 /* Info.plist */ = {isa = PBXFileReference; fileEncoding = 4; lastKnownFileType = text.plist.xml; path = Info.plist; sourceTree = "<group>"; };
		404DFC8D1C6594BE00BBFD28 /* MASCompositeConstraint.h */ = {isa = PBXFileReference; fileEncoding = 4; lastKnownFileType = sourcecode.c.h; path = MASCompositeConstraint.h; sourceTree = "<group>"; };
		404DFC8E1C6594BE00BBFD28 /* MASCompositeConstraint.m */ = {isa = PBXFileReference; fileEncoding = 4; lastKnownFileType = sourcecode.c.objc; path = MASCompositeConstraint.m; sourceTree = "<group>"; };
		404DFC8F1C6594BE00BBFD28 /* MASConstraint+Private.h */ = {isa = PBXFileReference; fileEncoding = 4; lastKnownFileType = sourcecode.c.h; path = "MASConstraint+Private.h"; sourceTree = "<group>"; };
		404DFC901C6594BE00BBFD28 /* MASConstraint.h */ = {isa = PBXFileReference; fileEncoding = 4; lastKnownFileType = sourcecode.c.h; path = MASConstraint.h; sourceTree = "<group>"; };
		404DFC911C6594BE00BBFD28 /* MASConstraint.m */ = {isa = PBXFileReference; fileEncoding = 4; lastKnownFileType = sourcecode.c.objc; path = MASConstraint.m; sourceTree = "<group>"; };
		404DFC921C6594BE00BBFD28 /* MASConstraintMaker.h */ = {isa = PBXFileReference; fileEncoding = 4; lastKnownFileType = sourcecode.c.h; path = MASConstraintMaker.h; sourceTree = "<group>"; };
		404DFC931C6594BE00BBFD28 /* MASConstraintMaker.m */ = {isa = PBXFileReference; fileEncoding = 4; lastKnownFileType = sourcecode.c.objc; path = MASConstraintMaker.m; sourceTree = "<group>"; };
		404DFC941C6594BE00BBFD28 /* MASLayoutConstraint.h */ = {isa = PBXFileReference; fileEncoding = 4; lastKnownFileType = sourcecode.c.h; path = MASLayoutConstraint.h; sourceTree = "<group>"; };
		404DFC951C6594BE00BBFD28 /* MASLayoutConstraint.m */ = {isa = PBXFileReference; fileEncoding = 4; lastKnownFileType = sourcecode.c.objc; path = MASLayoutConstraint.m; sourceTree = "<group>"; };
		404DFC961C6594BE00BBFD28 /* Masonry.h */ = {isa = PBXFileReference; fileEncoding = 4; lastKnownFileType = sourcecode.c.h; path = Masonry.h; sourceTree = "<group>"; };
		404DFC971C6594BE00BBFD28 /* MASUtilities.h */ = {isa = PBXFileReference; fileEncoding = 4; lastKnownFileType = sourcecode.c.h; path = MASUtilities.h; sourceTree = "<group>"; };
		404DFC981C6594BE00BBFD28 /* MASViewAttribute.h */ = {isa = PBXFileReference; fileEncoding = 4; lastKnownFileType = sourcecode.c.h; path = MASViewAttribute.h; sourceTree = "<group>"; };
		404DFC991C6594BE00BBFD28 /* MASViewAttribute.m */ = {isa = PBXFileReference; fileEncoding = 4; lastKnownFileType = sourcecode.c.objc; path = MASViewAttribute.m; sourceTree = "<group>"; };
		404DFC9A1C6594BE00BBFD28 /* MASViewConstraint.h */ = {isa = PBXFileReference; fileEncoding = 4; lastKnownFileType = sourcecode.c.h; path = MASViewConstraint.h; sourceTree = "<group>"; };
		404DFC9B1C6594BE00BBFD28 /* MASViewConstraint.m */ = {isa = PBXFileReference; fileEncoding = 4; lastKnownFileType = sourcecode.c.objc; path = MASViewConstraint.m; sourceTree = "<group>"; };
		404DFC9C1C6594BE00BBFD28 /* NSArray+MASAdditions.h */ = {isa = PBXFileReference; fileEncoding = 4; lastKnownFileType = sourcecode.c.h; path = "NSArray+MASAdditions.h"; sourceTree = "<group>"; };
		404DFC9D1C6594BE00BBFD28 /* NSArray+MASAdditions.m */ = {isa = PBXFileReference; fileEncoding = 4; lastKnownFileType = sourcecode.c.objc; path = "NSArray+MASAdditions.m"; sourceTree = "<group>"; };
		404DFC9E1C6594BE00BBFD28 /* NSArray+MASShorthandAdditions.h */ = {isa = PBXFileReference; fileEncoding = 4; lastKnownFileType = sourcecode.c.h; path = "NSArray+MASShorthandAdditions.h"; sourceTree = "<group>"; };
		404DFC9F1C6594BE00BBFD28 /* NSLayoutConstraint+MASDebugAdditions.h */ = {isa = PBXFileReference; fileEncoding = 4; lastKnownFileType = sourcecode.c.h; path = "NSLayoutConstraint+MASDebugAdditions.h"; sourceTree = "<group>"; };
		404DFCA01C6594BE00BBFD28 /* NSLayoutConstraint+MASDebugAdditions.m */ = {isa = PBXFileReference; fileEncoding = 4; lastKnownFileType = sourcecode.c.objc; path = "NSLayoutConstraint+MASDebugAdditions.m"; sourceTree = "<group>"; };
		404DFCA11C6594BF00BBFD28 /* View+MASAdditions.h */ = {isa = PBXFileReference; fileEncoding = 4; lastKnownFileType = sourcecode.c.h; path = "View+MASAdditions.h"; sourceTree = "<group>"; };
		404DFCA21C6594BF00BBFD28 /* View+MASAdditions.m */ = {isa = PBXFileReference; fileEncoding = 4; lastKnownFileType = sourcecode.c.objc; path = "View+MASAdditions.m"; sourceTree = "<group>"; };
		404DFCA31C6594BF00BBFD28 /* View+MASShorthandAdditions.h */ = {isa = PBXFileReference; fileEncoding = 4; lastKnownFileType = sourcecode.c.h; path = "View+MASShorthandAdditions.h"; sourceTree = "<group>"; };
		404DFCA41C6594BF00BBFD28 /* ViewController+MASAdditions.h */ = {isa = PBXFileReference; fileEncoding = 4; lastKnownFileType = sourcecode.c.h; path = "ViewController+MASAdditions.h"; sourceTree = "<group>"; };
		404DFCA51C6594BF00BBFD28 /* ViewController+MASAdditions.m */ = {isa = PBXFileReference; fileEncoding = 4; lastKnownFileType = sourcecode.c.objc; path = "ViewController+MASAdditions.m"; sourceTree = "<group>"; };
		404DFCB11C65956600BBFD28 /* UINavigationController+JDYRotateControl.h */ = {isa = PBXFileReference; fileEncoding = 4; lastKnownFileType = sourcecode.c.h; path = "UINavigationController+JDYRotateControl.h"; sourceTree = "<group>"; };
		404DFCB21C65956600BBFD28 /* UINavigationController+JDYRotateControl.m */ = {isa = PBXFileReference; fileEncoding = 4; lastKnownFileType = sourcecode.c.objc; path = "UINavigationController+JDYRotateControl.m"; sourceTree = "<group>"; };
		404DFCB31C65956600BBFD28 /* UIView+JDYAutolayout.h */ = {isa = PBXFileReference; fileEncoding = 4; lastKnownFileType = sourcecode.c.h; path = "UIView+JDYAutolayout.h"; sourceTree = "<group>"; };
		404DFCB41C65956600BBFD28 /* UIView+JDYAutolayout.m */ = {isa = PBXFileReference; fileEncoding = 4; lastKnownFileType = sourcecode.c.objc; path = "UIView+JDYAutolayout.m"; sourceTree = "<group>"; };
		404DFCBA1C6595E800BBFD28 /* JDYBrowseViewControllerOld.h */ = {isa = PBXFileReference; fileEncoding = 4; lastKnownFileType = sourcecode.c.h; path = JDYBrowseViewControllerOld.h; sourceTree = "<group>"; };
		404DFCBB1C6595E800BBFD28 /* JDYBrowseViewControllerOld.m */ = {isa = PBXFileReference; fileEncoding = 4; lastKnownFileType = sourcecode.c.objc; path = JDYBrowseViewControllerOld.m; sourceTree = "<group>"; };
		404DFCBD1C6596D200BBFD28 /* JDYBrowseCollectionViewCellOld.h */ = {isa = PBXFileReference; fileEncoding = 4; lastKnownFileType = sourcecode.c.h; path = JDYBrowseCollectionViewCellOld.h; sourceTree = "<group>"; };
		404DFCBE1C6596D200BBFD28 /* JDYBrowseCollectionViewCellOld.m */ = {isa = PBXFileReference; fileEncoding = 4; lastKnownFileType = sourcecode.c.objc; path = JDYBrowseCollectionViewCellOld.m; sourceTree = "<group>"; };
		40CD89951C65C03E005E5765 /* UIImage+JDYSaleOld.h */ = {isa = PBXFileReference; fileEncoding = 4; lastKnownFileType = sourcecode.c.h; path = "UIImage+JDYSaleOld.h"; sourceTree = "<group>"; };
		40CD89961C65C03E005E5765 /* UIImage+JDYSaleOld.m */ = {isa = PBXFileReference; fileEncoding = 4; lastKnownFileType = sourcecode.c.objc; path = "UIImage+JDYSaleOld.m"; sourceTree = "<group>"; };
		40CE399C1C15C223008D3B9A /* jdy_browseLoading@2x.png */ = {isa = PBXFileReference; lastKnownFileType = image.png; path = "jdy_browseLoading@2x.png"; sourceTree = "<group>"; };
		40CE399D1C15C223008D3B9A /* jdy_browseLoading@3x.png */ = {isa = PBXFileReference; lastKnownFileType = image.png; path = "jdy_browseLoading@3x.png"; sourceTree = "<group>"; };
		40CEA2C91C146DA2007EC251 /* UIImage+JDYScale.h */ = {isa = PBXFileReference; fileEncoding = 4; lastKnownFileType = sourcecode.c.h; path = "UIImage+JDYScale.h"; sourceTree = "<group>"; };
		40CEA2CA1C146DA2007EC251 /* UIImage+JDYScale.m */ = {isa = PBXFileReference; fileEncoding = 4; lastKnownFileType = sourcecode.c.objc; path = "UIImage+JDYScale.m"; sourceTree = "<group>"; };
		40CEA2CD1C1484C3007EC251 /* JDYBrowseDefine.h */ = {isa = PBXFileReference; fileEncoding = 4; lastKnownFileType = sourcecode.c.h; path = JDYBrowseDefine.h; sourceTree = "<group>"; };
		40CEA2CE1C148A23007EC251 /* JDYCollectionViewCell.h */ = {isa = PBXFileReference; fileEncoding = 4; lastKnownFileType = sourcecode.c.h; path = JDYCollectionViewCell.h; sourceTree = "<group>"; };
		40CEA2CF1C148A23007EC251 /* JDYCollectionViewCell.m */ = {isa = PBXFileReference; fileEncoding = 4; lastKnownFileType = sourcecode.c.objc; path = JDYCollectionViewCell.m; sourceTree = "<group>"; };
		40CEC4DB1C131D560060A54D /* JDYBrowse.app */ = {isa = PBXFileReference; explicitFileType = wrapper.application; includeInIndex = 0; path = JDYBrowse.app; sourceTree = BUILT_PRODUCTS_DIR; };
		40CEC4DF1C131D560060A54D /* main.m */ = {isa = PBXFileReference; lastKnownFileType = sourcecode.c.objc; path = main.m; sourceTree = "<group>"; };
		40CEC4E11C131D560060A54D /* AppDelegate.h */ = {isa = PBXFileReference; lastKnownFileType = sourcecode.c.h; path = AppDelegate.h; sourceTree = "<group>"; };
		40CEC4E21C131D560060A54D /* AppDelegate.m */ = {isa = PBXFileReference; lastKnownFileType = sourcecode.c.objc; path = AppDelegate.m; sourceTree = "<group>"; };
		40CEC4E41C131D560060A54D /* ViewController.h */ = {isa = PBXFileReference; lastKnownFileType = sourcecode.c.h; path = ViewController.h; sourceTree = "<group>"; };
		40CEC4EA1C131D560060A54D /* Assets.xcassets */ = {isa = PBXFileReference; lastKnownFileType = folder.assetcatalog; path = Assets.xcassets; sourceTree = "<group>"; };
		40CEC4EF1C131D560060A54D /* Info.plist */ = {isa = PBXFileReference; lastKnownFileType = text.plist.xml; path = Info.plist; sourceTree = "<group>"; };
		40CEC4F61C1325A40060A54D /* JDYBrowseModel.h */ = {isa = PBXFileReference; fileEncoding = 4; lastKnownFileType = sourcecode.c.h; path = JDYBrowseModel.h; sourceTree = "<group>"; };
		40CEC4F71C1325A40060A54D /* JDYBrowseModel.m */ = {isa = PBXFileReference; fileEncoding = 4; lastKnownFileType = sourcecode.c.objc; path = JDYBrowseModel.m; sourceTree = "<group>"; };
		40CEC4F91C1326050060A54D /* JDYBrowseCollectionViewCell.h */ = {isa = PBXFileReference; fileEncoding = 4; lastKnownFileType = sourcecode.c.h; path = JDYBrowseCollectionViewCell.h; sourceTree = "<group>"; };
		40CEC4FA1C1326050060A54D /* JDYBrowseCollectionViewCell.m */ = {isa = PBXFileReference; fileEncoding = 4; lastKnownFileType = sourcecode.c.objc; path = JDYBrowseCollectionViewCell.m; sourceTree = "<group>"; };
		40CEC4FF1C1326930060A54D /* JDYBrowseZoomScrollView.h */ = {isa = PBXFileReference; fileEncoding = 4; lastKnownFileType = sourcecode.c.h; path = JDYBrowseZoomScrollView.h; sourceTree = "<group>"; };
		40CEC5001C1326930060A54D /* JDYBrowseZoomScrollView.m */ = {isa = PBXFileReference; fileEncoding = 4; lastKnownFileType = sourcecode.c.objc; path = JDYBrowseZoomScrollView.m; sourceTree = "<group>"; };
		40CEC5021C1326AC0060A54D /* JDYBrowseLoadingView.h */ = {isa = PBXFileReference; fileEncoding = 4; lastKnownFileType = sourcecode.c.h; path = JDYBrowseLoadingView.h; sourceTree = "<group>"; };
		40CEC5031C1326AC0060A54D /* JDYBrowseLoadingView.m */ = {isa = PBXFileReference; fileEncoding = 4; lastKnownFileType = sourcecode.c.objc; path = JDYBrowseLoadingView.m; sourceTree = "<group>"; };
		40CEC5061C1330F60060A54D /* MKAnnotationView+WebCache.h */ = {isa = PBXFileReference; fileEncoding = 4; lastKnownFileType = sourcecode.c.h; path = "MKAnnotationView+WebCache.h"; sourceTree = "<group>"; };
		40CEC5071C1330F60060A54D /* MKAnnotationView+WebCache.m */ = {isa = PBXFileReference; fileEncoding = 4; lastKnownFileType = sourcecode.c.objc; path = "MKAnnotationView+WebCache.m"; sourceTree = "<group>"; };
		40CEC5081C1330F60060A54D /* NSData+ImageContentType.h */ = {isa = PBXFileReference; fileEncoding = 4; lastKnownFileType = sourcecode.c.h; path = "NSData+ImageContentType.h"; sourceTree = "<group>"; };
		40CEC5091C1330F60060A54D /* NSData+ImageContentType.m */ = {isa = PBXFileReference; fileEncoding = 4; lastKnownFileType = sourcecode.c.objc; path = "NSData+ImageContentType.m"; sourceTree = "<group>"; };
		40CEC50A1C1330F60060A54D /* SDImageCache.h */ = {isa = PBXFileReference; fileEncoding = 4; lastKnownFileType = sourcecode.c.h; path = SDImageCache.h; sourceTree = "<group>"; };
		40CEC50B1C1330F60060A54D /* SDImageCache.m */ = {isa = PBXFileReference; fileEncoding = 4; lastKnownFileType = sourcecode.c.objc; path = SDImageCache.m; sourceTree = "<group>"; };
		40CEC50C1C1330F60060A54D /* SDWebImageCompat.h */ = {isa = PBXFileReference; fileEncoding = 4; lastKnownFileType = sourcecode.c.h; path = SDWebImageCompat.h; sourceTree = "<group>"; };
		40CEC50D1C1330F60060A54D /* SDWebImageCompat.m */ = {isa = PBXFileReference; fileEncoding = 4; lastKnownFileType = sourcecode.c.objc; path = SDWebImageCompat.m; sourceTree = "<group>"; };
		40CEC50E1C1330F60060A54D /* SDWebImageDecoder.h */ = {isa = PBXFileReference; fileEncoding = 4; lastKnownFileType = sourcecode.c.h; path = SDWebImageDecoder.h; sourceTree = "<group>"; };
		40CEC50F1C1330F60060A54D /* SDWebImageDecoder.m */ = {isa = PBXFileReference; fileEncoding = 4; lastKnownFileType = sourcecode.c.objc; path = SDWebImageDecoder.m; sourceTree = "<group>"; };
		40CEC5101C1330F60060A54D /* SDWebImageDownloader.h */ = {isa = PBXFileReference; fileEncoding = 4; lastKnownFileType = sourcecode.c.h; path = SDWebImageDownloader.h; sourceTree = "<group>"; };
		40CEC5111C1330F60060A54D /* SDWebImageDownloader.m */ = {isa = PBXFileReference; fileEncoding = 4; lastKnownFileType = sourcecode.c.objc; path = SDWebImageDownloader.m; sourceTree = "<group>"; };
		40CEC5121C1330F60060A54D /* SDWebImageDownloaderOperation.h */ = {isa = PBXFileReference; fileEncoding = 4; lastKnownFileType = sourcecode.c.h; path = SDWebImageDownloaderOperation.h; sourceTree = "<group>"; };
		40CEC5131C1330F60060A54D /* SDWebImageDownloaderOperation.m */ = {isa = PBXFileReference; fileEncoding = 4; lastKnownFileType = sourcecode.c.objc; path = SDWebImageDownloaderOperation.m; sourceTree = "<group>"; };
		40CEC5141C1330F60060A54D /* SDWebImageManager.h */ = {isa = PBXFileReference; fileEncoding = 4; lastKnownFileType = sourcecode.c.h; path = SDWebImageManager.h; sourceTree = "<group>"; };
		40CEC5151C1330F60060A54D /* SDWebImageManager.m */ = {isa = PBXFileReference; fileEncoding = 4; lastKnownFileType = sourcecode.c.objc; path = SDWebImageManager.m; sourceTree = "<group>"; };
		40CEC5161C1330F60060A54D /* SDWebImageOperation.h */ = {isa = PBXFileReference; fileEncoding = 4; lastKnownFileType = sourcecode.c.h; path = SDWebImageOperation.h; sourceTree = "<group>"; };
		40CEC5171C1330F60060A54D /* SDWebImagePrefetcher.h */ = {isa = PBXFileReference; fileEncoding = 4; lastKnownFileType = sourcecode.c.h; path = SDWebImagePrefetcher.h; sourceTree = "<group>"; };
		40CEC5181C1330F60060A54D /* SDWebImagePrefetcher.m */ = {isa = PBXFileReference; fileEncoding = 4; lastKnownFileType = sourcecode.c.objc; path = SDWebImagePrefetcher.m; sourceTree = "<group>"; };
		40CEC5191C1330F60060A54D /* UIButton+WebCache.h */ = {isa = PBXFileReference; fileEncoding = 4; lastKnownFileType = sourcecode.c.h; path = "UIButton+WebCache.h"; sourceTree = "<group>"; };
		40CEC51A1C1330F60060A54D /* UIButton+WebCache.m */ = {isa = PBXFileReference; fileEncoding = 4; lastKnownFileType = sourcecode.c.objc; path = "UIButton+WebCache.m"; sourceTree = "<group>"; };
		40CEC51B1C1330F60060A54D /* UIImage+GIF.h */ = {isa = PBXFileReference; fileEncoding = 4; lastKnownFileType = sourcecode.c.h; path = "UIImage+GIF.h"; sourceTree = "<group>"; };
		40CEC51C1C1330F60060A54D /* UIImage+GIF.m */ = {isa = PBXFileReference; fileEncoding = 4; lastKnownFileType = sourcecode.c.objc; path = "UIImage+GIF.m"; sourceTree = "<group>"; };
		40CEC51D1C1330F60060A54D /* UIImage+MultiFormat.h */ = {isa = PBXFileReference; fileEncoding = 4; lastKnownFileType = sourcecode.c.h; path = "UIImage+MultiFormat.h"; sourceTree = "<group>"; };
		40CEC51E1C1330F60060A54D /* UIImage+MultiFormat.m */ = {isa = PBXFileReference; fileEncoding = 4; lastKnownFileType = sourcecode.c.objc; path = "UIImage+MultiFormat.m"; sourceTree = "<group>"; };
		40CEC51F1C1330F60060A54D /* UIImage+WebP.h */ = {isa = PBXFileReference; fileEncoding = 4; lastKnownFileType = sourcecode.c.h; path = "UIImage+WebP.h"; sourceTree = "<group>"; };
		40CEC5201C1330F60060A54D /* UIImage+WebP.m */ = {isa = PBXFileReference; fileEncoding = 4; lastKnownFileType = sourcecode.c.objc; path = "UIImage+WebP.m"; sourceTree = "<group>"; };
		40CEC5211C1330F60060A54D /* UIImageView+HighlightedWebCache.h */ = {isa = PBXFileReference; fileEncoding = 4; lastKnownFileType = sourcecode.c.h; path = "UIImageView+HighlightedWebCache.h"; sourceTree = "<group>"; };
		40CEC5221C1330F60060A54D /* UIImageView+HighlightedWebCache.m */ = {isa = PBXFileReference; fileEncoding = 4; lastKnownFileType = sourcecode.c.objc; path = "UIImageView+HighlightedWebCache.m"; sourceTree = "<group>"; };
		40CEC5231C1330F60060A54D /* UIImageView+WebCache.h */ = {isa = PBXFileReference; fileEncoding = 4; lastKnownFileType = sourcecode.c.h; path = "UIImageView+WebCache.h"; sourceTree = "<group>"; };
		40CEC5241C1330F60060A54D /* UIImageView+WebCache.m */ = {isa = PBXFileReference; fileEncoding = 4; lastKnownFileType = sourcecode.c.objc; path = "UIImageView+WebCache.m"; sourceTree = "<group>"; };
		40CEC5251C1330F60060A54D /* UIView+WebCacheOperation.h */ = {isa = PBXFileReference; fileEncoding = 4; lastKnownFileType = sourcecode.c.h; path = "UIView+WebCacheOperation.h"; sourceTree = "<group>"; };
		40CEC5261C1330F60060A54D /* UIView+WebCacheOperation.m */ = {isa = PBXFileReference; fileEncoding = 4; lastKnownFileType = sourcecode.c.objc; path = "UIView+WebCacheOperation.m"; sourceTree = "<group>"; };
		40CEC5371C1332030060A54D /* UIView+JDYLayout.h */ = {isa = PBXFileReference; fileEncoding = 4; lastKnownFileType = sourcecode.c.h; path = "UIView+JDYLayout.h"; sourceTree = "<group>"; };
		40CEC5381C1332030060A54D /* UIView+JDYLayout.m */ = {isa = PBXFileReference; fileEncoding = 4; lastKnownFileType = sourcecode.c.objc; path = "UIView+JDYLayout.m"; sourceTree = "<group>"; };
		40CF35ED1C2AE5E300095CC1 /* JDYBrowseViewController.h */ = {isa = PBXFileReference; fileEncoding = 4; lastKnownFileType = sourcecode.c.h; path = JDYBrowseViewController.h; sourceTree = "<group>"; };
		40CF35EE1C2AE5E300095CC1 /* JDYBrowseViewController.m */ = {isa = PBXFileReference; fileEncoding = 4; lastKnownFileType = sourcecode.c.objc; path = JDYBrowseViewController.m; sourceTree = "<group>"; };
		40D2A65A1C3827BA0088A7DD /* ViewController.m */ = {isa = PBXFileReference; fileEncoding = 4; lastKnownFileType = sourcecode.c.objc; path = ViewController.m; sourceTree = "<group>"; };
		40D3C2771C4B7409000CDC3F /* JDYNavigationController.h */ = {isa = PBXFileReference; fileEncoding = 4; lastKnownFileType = sourcecode.c.h; path = JDYNavigationController.h; sourceTree = "<group>"; };
		40D3C2781C4B7409000CDC3F /* JDYNavigationController.m */ = {isa = PBXFileReference; fileEncoding = 4; lastKnownFileType = sourcecode.c.objc; path = JDYNavigationController.m; sourceTree = "<group>"; };
/* End PBXFileReference section */

/* Begin PBXFrameworksBuildPhase section */
		40CEC4D81C131D560060A54D /* Frameworks */ = {
			isa = PBXFrameworksBuildPhase;
			buildActionMask = 2147483647;
			files = (
			);
			runOnlyForDeploymentPostprocessing = 0;
		};
/* End PBXFrameworksBuildPhase section */

/* Begin PBXGroup section */
		404DFC8A1C6594BE00BBFD28 /* 版本1.2相关代码 */ = {
			isa = PBXGroup;
			children = (
				404DFC8B1C6594BE00BBFD28 /* Masonry */,
				404DFCB11C65956600BBFD28 /* UINavigationController+JDYRotateControl.h */,
				404DFCB21C65956600BBFD28 /* UINavigationController+JDYRotateControl.m */,
				404DFCB31C65956600BBFD28 /* UIView+JDYAutolayout.h */,
				404DFCB41C65956600BBFD28 /* UIView+JDYAutolayout.m */,
				404DFCBA1C6595E800BBFD28 /* JDYBrowseViewControllerOld.h */,
				404DFCBB1C6595E800BBFD28 /* JDYBrowseViewControllerOld.m */,
				404DFCBD1C6596D200BBFD28 /* JDYBrowseCollectionViewCellOld.h */,
				404DFCBE1C6596D200BBFD28 /* JDYBrowseCollectionViewCellOld.m */,
				40CD89951C65C03E005E5765 /* UIImage+JDYSaleOld.h */,
				40CD89961C65C03E005E5765 /* UIImage+JDYSaleOld.m */,
			);
			path = "版本1.2相关代码";
			sourceTree = "<group>";
		};
		404DFC8B1C6594BE00BBFD28 /* Masonry */ = {
			isa = PBXGroup;
			children = (
				404DFC8C1C6594BE00BBFD28 /* Info.plist */,
				404DFC8D1C6594BE00BBFD28 /* MASCompositeConstraint.h */,
				404DFC8E1C6594BE00BBFD28 /* MASCompositeConstraint.m */,
				404DFC8F1C6594BE00BBFD28 /* MASConstraint+Private.h */,
				404DFC901C6594BE00BBFD28 /* MASConstraint.h */,
				404DFC911C6594BE00BBFD28 /* MASConstraint.m */,
				404DFC921C6594BE00BBFD28 /* MASConstraintMaker.h */,
				404DFC931C6594BE00BBFD28 /* MASConstraintMaker.m */,
				404DFC941C6594BE00BBFD28 /* MASLayoutConstraint.h */,
				404DFC951C6594BE00BBFD28 /* MASLayoutConstraint.m */,
				404DFC961C6594BE00BBFD28 /* Masonry.h */,
				404DFC971C6594BE00BBFD28 /* MASUtilities.h */,
				404DFC981C6594BE00BBFD28 /* MASViewAttribute.h */,
				404DFC991C6594BE00BBFD28 /* MASViewAttribute.m */,
				404DFC9A1C6594BE00BBFD28 /* MASViewConstraint.h */,
				404DFC9B1C6594BE00BBFD28 /* MASViewConstraint.m */,
				404DFC9C1C6594BE00BBFD28 /* NSArray+MASAdditions.h */,
				404DFC9D1C6594BE00BBFD28 /* NSArray+MASAdditions.m */,
				404DFC9E1C6594BE00BBFD28 /* NSArray+MASShorthandAdditions.h */,
				404DFC9F1C6594BE00BBFD28 /* NSLayoutConstraint+MASDebugAdditions.h */,
				404DFCA01C6594BE00BBFD28 /* NSLayoutConstraint+MASDebugAdditions.m */,
				404DFCA11C6594BF00BBFD28 /* View+MASAdditions.h */,
				404DFCA21C6594BF00BBFD28 /* View+MASAdditions.m */,
				404DFCA31C6594BF00BBFD28 /* View+MASShorthandAdditions.h */,
				404DFCA41C6594BF00BBFD28 /* ViewController+MASAdditions.h */,
				404DFCA51C6594BF00BBFD28 /* ViewController+MASAdditions.m */,
			);
			path = Masonry;
			sourceTree = "<group>";
		};
		40CEC4D21C131D560060A54D = {
			isa = PBXGroup;
			children = (
				40CEC4DD1C131D560060A54D /* JDYBrowse */,
				40CEC4DC1C131D560060A54D /* Products */,
			);
			sourceTree = "<group>";
		};
		40CEC4DC1C131D560060A54D /* Products */ = {
			isa = PBXGroup;
			children = (
				40CEC4DB1C131D560060A54D /* JDYBrowse.app */,
			);
			name = Products;
			sourceTree = "<group>";
		};
		40CEC4DD1C131D560060A54D /* JDYBrowse */ = {
			isa = PBXGroup;
			children = (
				404DFC8A1C6594BE00BBFD28 /* 版本1.2相关代码 */,
				40CEC5051C1330F60060A54D /* SDWebImage */,
				40CEC4F51C131DFC0060A54D /* JDYBrowse */,
				40CEC4E11C131D560060A54D /* AppDelegate.h */,
				40CEC4E21C131D560060A54D /* AppDelegate.m */,
				40CEC4E41C131D560060A54D /* ViewController.h */,
				40D2A65A1C3827BA0088A7DD /* ViewController.m */,
				40CEA2CE1C148A23007EC251 /* JDYCollectionViewCell.h */,
				40CEA2CF1C148A23007EC251 /* JDYCollectionViewCell.m */,
				40CEC4EA1C131D560060A54D /* Assets.xcassets */,
				40CEC4EF1C131D560060A54D /* Info.plist */,
				40CEC4DE1C131D560060A54D /* Supporting Files */,
				40D3C2771C4B7409000CDC3F /* JDYNavigationController.h */,
				40D3C2781C4B7409000CDC3F /* JDYNavigationController.m */,
			);
			path = JDYBrowse;
			sourceTree = "<group>";
		};
		40CEC4DE1C131D560060A54D /* Supporting Files */ = {
			isa = PBXGroup;
			children = (
				40CEC4DF1C131D560060A54D /* main.m */,
			);
			name = "Supporting Files";
			sourceTree = "<group>";
		};
		40CEC4F51C131DFC0060A54D /* JDYBrowse */ = {
			isa = PBXGroup;
			children = (
				40CEA2CD1C1484C3007EC251 /* JDYBrowseDefine.h */,
				40CEC5371C1332030060A54D /* UIView+JDYLayout.h */,
				40CEC5381C1332030060A54D /* UIView+JDYLayout.m */,
				40CEC4F61C1325A40060A54D /* JDYBrowseModel.h */,
				40CEC4F71C1325A40060A54D /* JDYBrowseModel.m */,
				40CEC4F91C1326050060A54D /* JDYBrowseCollectionViewCell.h */,
				40CEC4FA1C1326050060A54D /* JDYBrowseCollectionViewCell.m */,
				40CF35ED1C2AE5E300095CC1 /* JDYBrowseViewController.h */,
				40CF35EE1C2AE5E300095CC1 /* JDYBrowseViewController.m */,
				40CEC4FF1C1326930060A54D /* JDYBrowseZoomScrollView.h */,
				40CEC5001C1326930060A54D /* JDYBrowseZoomScrollView.m */,
				40CEC5021C1326AC0060A54D /* JDYBrowseLoadingView.h */,
				40CEC5031C1326AC0060A54D /* JDYBrowseLoadingView.m */,
				40CEA2C91C146DA2007EC251 /* UIImage+JDYScale.h */,
				40CEA2CA1C146DA2007EC251 /* UIImage+JDYScale.m */,
				40CE399C1C15C223008D3B9A /* jdy_browseLoading@2x.png */,
				40CE399D1C15C223008D3B9A /* jdy_browseLoading@3x.png */,
			);
			path = JDYBrowse;
			sourceTree = "<group>";
		};
		40CEC5051C1330F60060A54D /* SDWebImage */ = {
			isa = PBXGroup;
			children = (
				40CEC5061C1330F60060A54D /* MKAnnotationView+WebCache.h */,
				40CEC5071C1330F60060A54D /* MKAnnotationView+WebCache.m */,
				40CEC5081C1330F60060A54D /* NSData+ImageContentType.h */,
				40CEC5091C1330F60060A54D /* NSData+ImageContentType.m */,
				40CEC50A1C1330F60060A54D /* SDImageCache.h */,
				40CEC50B1C1330F60060A54D /* SDImageCache.m */,
				40CEC50C1C1330F60060A54D /* SDWebImageCompat.h */,
				40CEC50D1C1330F60060A54D /* SDWebImageCompat.m */,
				40CEC50E1C1330F60060A54D /* SDWebImageDecoder.h */,
				40CEC50F1C1330F60060A54D /* SDWebImageDecoder.m */,
				40CEC5101C1330F60060A54D /* SDWebImageDownloader.h */,
				40CEC5111C1330F60060A54D /* SDWebImageDownloader.m */,
				40CEC5121C1330F60060A54D /* SDWebImageDownloaderOperation.h */,
				40CEC5131C1330F60060A54D /* SDWebImageDownloaderOperation.m */,
				40CEC5141C1330F60060A54D /* SDWebImageManager.h */,
				40CEC5151C1330F60060A54D /* SDWebImageManager.m */,
				40CEC5161C1330F60060A54D /* SDWebImageOperation.h */,
				40CEC5171C1330F60060A54D /* SDWebImagePrefetcher.h */,
				40CEC5181C1330F60060A54D /* SDWebImagePrefetcher.m */,
				40CEC5191C1330F60060A54D /* UIButton+WebCache.h */,
				40CEC51A1C1330F60060A54D /* UIButton+WebCache.m */,
				40CEC51B1C1330F60060A54D /* UIImage+GIF.h */,
				40CEC51C1C1330F60060A54D /* UIImage+GIF.m */,
				40CEC51D1C1330F60060A54D /* UIImage+MultiFormat.h */,
				40CEC51E1C1330F60060A54D /* UIImage+MultiFormat.m */,
				40CEC51F1C1330F60060A54D /* UIImage+WebP.h */,
				40CEC5201C1330F60060A54D /* UIImage+WebP.m */,
				40CEC5211C1330F60060A54D /* UIImageView+HighlightedWebCache.h */,
				40CEC5221C1330F60060A54D /* UIImageView+HighlightedWebCache.m */,
				40CEC5231C1330F60060A54D /* UIImageView+WebCache.h */,
				40CEC5241C1330F60060A54D /* UIImageView+WebCache.m */,
				40CEC5251C1330F60060A54D /* UIView+WebCacheOperation.h */,
				40CEC5261C1330F60060A54D /* UIView+WebCacheOperation.m */,
			);
			path = SDWebImage;
			sourceTree = "<group>";
		};
/* End PBXGroup section */

/* Begin PBXNativeTarget section */
		40CEC4DA1C131D560060A54D /* JDYBrowse */ = {
			isa = PBXNativeTarget;
			buildConfigurationList = 40CEC4F21C131D560060A54D /* Build configuration list for PBXNativeTarget "JDYBrowse" */;
			buildPhases = (
				40CEC4D71C131D560060A54D /* Sources */,
				40CEC4D81C131D560060A54D /* Frameworks */,
				40CEC4D91C131D560060A54D /* Resources */,
			);
			buildRules = (
			);
			dependencies = (
			);
			name = JDYBrowse;
			productName = JDYBrowse;
			productReference = 40CEC4DB1C131D560060A54D /* JDYBrowse.app */;
			productType = "com.apple.product-type.application";
		};
/* End PBXNativeTarget section */

/* Begin PBXProject section */
		40CEC4D31C131D560060A54D /* Project object */ = {
			isa = PBXProject;
			attributes = {
				LastUpgradeCheck = 0710;
				ORGANIZATIONNAME = "于威";
				TargetAttributes = {
					40CEC4DA1C131D560060A54D = {
						CreatedOnToolsVersion = 7.1.1;
						DevelopmentTeam = Q6L8ALP6SS;
					};
				};
			};
			buildConfigurationList = 40CEC4D61C131D560060A54D /* Build configuration list for PBXProject "JDYBrowse" */;
			compatibilityVersion = "Xcode 3.2";
			developmentRegion = English;
			hasScannedForEncodings = 0;
			knownRegions = (
				en,
				Base,
			);
			mainGroup = 40CEC4D21C131D560060A54D;
			productRefGroup = 40CEC4DC1C131D560060A54D /* Products */;
			projectDirPath = "";
			projectRoot = "";
			targets = (
				40CEC4DA1C131D560060A54D /* JDYBrowse */,
			);
		};
/* End PBXProject section */

/* Begin PBXResourcesBuildPhase section */
		40CEC4D91C131D560060A54D /* Resources */ = {
			isa = PBXResourcesBuildPhase;
			buildActionMask = 2147483647;
			files = (
				404DFCA61C6594BF00BBFD28 /* Info.plist in Resources */,
				40CEC4EB1C131D560060A54D /* Assets.xcassets in Resources */,
				40CE399F1C15C223008D3B9A /* jdy_browseLoading@3x.png in Resources */,
				40CE399E1C15C223008D3B9A /* jdy_browseLoading@2x.png in Resources */,
			);
			runOnlyForDeploymentPostprocessing = 0;
		};
/* End PBXResourcesBuildPhase section */

/* Begin PBXSourcesBuildPhase section */
		40CEC4D71C131D560060A54D /* Sources */ = {
			isa = PBXSourcesBuildPhase;
			buildActionMask = 2147483647;
			files = (
				40CEC52B1C1330F60060A54D /* SDWebImageDecoder.m in Sources */,
				40CEC52E1C1330F60060A54D /* SDWebImageManager.m in Sources */,
				40CEC5281C1330F60060A54D /* NSData+ImageContentType.m in Sources */,
				404DFCAD1C6594BF00BBFD28 /* NSArray+MASAdditions.m in Sources */,
				40CEC52A1C1330F60060A54D /* SDWebImageCompat.m in Sources */,
				40CEC5361C1330F60060A54D /* UIView+WebCacheOperation.m in Sources */,
				404DFCBF1C6596D200BBFD28 /* JDYBrowseCollectionViewCellOld.m in Sources */,
				40CEC5331C1330F60060A54D /* UIImage+WebP.m in Sources */,
				404DFCAF1C6594BF00BBFD28 /* View+MASAdditions.m in Sources */,
				404DFCA71C6594BF00BBFD28 /* MASCompositeConstraint.m in Sources */,
				40D2A65B1C3827BA0088A7DD /* ViewController.m in Sources */,
				40CEA2CB1C146DA2007EC251 /* UIImage+JDYScale.m in Sources */,
				40CEC5391C1332030060A54D /* UIView+JDYLayout.m in Sources */,
				40CEC5341C1330F60060A54D /* UIImageView+HighlightedWebCache.m in Sources */,
				40CEA2D01C148A23007EC251 /* JDYCollectionViewCell.m in Sources */,
				40D3C2791C4B7409000CDC3F /* JDYNavigationController.m in Sources */,
				40CF35EF1C2AE5E300095CC1 /* JDYBrowseViewController.m in Sources */,
				404DFCAB1C6594BF00BBFD28 /* MASViewAttribute.m in Sources */,
				40CEC4F81C1325A40060A54D /* JDYBrowseModel.m in Sources */,
				404DFCB51C65956600BBFD28 /* UINavigationController+JDYRotateControl.m in Sources */,
				404DFCB61C65956600BBFD28 /* UIView+JDYAutolayout.m in Sources */,
				404DFCA81C6594BF00BBFD28 /* MASConstraint.m in Sources */,
				40CEC5301C1330F60060A54D /* UIButton+WebCache.m in Sources */,
				40CEC52F1C1330F60060A54D /* SDWebImagePrefetcher.m in Sources */,
				40CEC52D1C1330F60060A54D /* SDWebImageDownloaderOperation.m in Sources */,
				404DFCA91C6594BF00BBFD28 /* MASConstraintMaker.m in Sources */,
				40CEC5041C1326AC0060A54D /* JDYBrowseLoadingView.m in Sources */,
				40CEC4E31C131D560060A54D /* AppDelegate.m in Sources */,
				404DFCB01C6594BF00BBFD28 /* ViewController+MASAdditions.m in Sources */,
				40CEC5321C1330F60060A54D /* UIImage+MultiFormat.m in Sources */,
				404DFCAE1C6594BF00BBFD28 /* NSLayoutConstraint+MASDebugAdditions.m in Sources */,
				40CEC5011C1326930060A54D /* JDYBrowseZoomScrollView.m in Sources */,
				404DFCAC1C6594BF00BBFD28 /* MASViewConstraint.m in Sources */,
				40CEC5291C1330F60060A54D /* SDImageCache.m in Sources */,
				40CEC4E01C131D560060A54D /* main.m in Sources */,
				404DFCAA1C6594BF00BBFD28 /* MASLayoutConstraint.m in Sources */,
				404DFCBC1C6595E800BBFD28 /* JDYBrowseViewControllerOld.m in Sources */,
				40CEC4FB1C1326050060A54D /* JDYBrowseCollectionViewCell.m in Sources */,
				40CD89971C65C03E005E5765 /* UIImage+JDYSaleOld.m in Sources */,
				40CEC5311C1330F60060A54D /* UIImage+GIF.m in Sources */,
				40CEC52C1C1330F60060A54D /* SDWebImageDownloader.m in Sources */,
				40CEC5351C1330F60060A54D /* UIImageView+WebCache.m in Sources */,
				40CEC5271C1330F60060A54D /* MKAnnotationView+WebCache.m in Sources */,
			);
			runOnlyForDeploymentPostprocessing = 0;
		};
/* End PBXSourcesBuildPhase section */

/* Begin XCBuildConfiguration section */
		40CEC4F01C131D560060A54D /* Debug */ = {
			isa = XCBuildConfiguration;
			buildSettings = {
				ALWAYS_SEARCH_USER_PATHS = NO;
				CLANG_CXX_LANGUAGE_STANDARD = "gnu++0x";
				CLANG_CXX_LIBRARY = "libc++";
				CLANG_ENABLE_MODULES = YES;
				CLANG_ENABLE_OBJC_ARC = YES;
				CLANG_WARN_BOOL_CONVERSION = YES;
				CLANG_WARN_CONSTANT_CONVERSION = YES;
				CLANG_WARN_DIRECT_OBJC_ISA_USAGE = YES_ERROR;
				CLANG_WARN_EMPTY_BODY = YES;
				CLANG_WARN_ENUM_CONVERSION = YES;
				CLANG_WARN_INT_CONVERSION = YES;
				CLANG_WARN_OBJC_ROOT_CLASS = YES_ERROR;
				CLANG_WARN_UNREACHABLE_CODE = YES;
				CLANG_WARN__DUPLICATE_METHOD_MATCH = YES;
				CODE_SIGN_IDENTITY = "iPhone Developer: yuwei870306@163.com (T466WXSGEY)";
				"CODE_SIGN_IDENTITY[sdk=iphoneos*]" = "iPhone Developer: yuwei870306@163.com (T466WXSGEY)";
				COPY_PHASE_STRIP = NO;
				DEBUG_INFORMATION_FORMAT = dwarf;
				ENABLE_STRICT_OBJC_MSGSEND = YES;
				ENABLE_TESTABILITY = YES;
				GCC_C_LANGUAGE_STANDARD = gnu99;
				GCC_DYNAMIC_NO_PIC = NO;
				GCC_NO_COMMON_BLOCKS = YES;
				GCC_OPTIMIZATION_LEVEL = 0;
				GCC_PREPROCESSOR_DEFINITIONS = (
					"DEBUG=1",
					"$(inherited)",
				);
				GCC_WARN_64_TO_32_BIT_CONVERSION = YES;
				GCC_WARN_ABOUT_RETURN_TYPE = YES_ERROR;
				GCC_WARN_UNDECLARED_SELECTOR = YES;
				GCC_WARN_UNINITIALIZED_AUTOS = YES_AGGRESSIVE;
				GCC_WARN_UNUSED_FUNCTION = YES;
				GCC_WARN_UNUSED_VARIABLE = YES;
				IPHONEOS_DEPLOYMENT_TARGET = 9.1;
				MTL_ENABLE_DEBUG_INFO = YES;
				ONLY_ACTIVE_ARCH = YES;
				SDKROOT = iphoneos;
				TARGETED_DEVICE_FAMILY = "1,2";
			};
			name = Debug;
		};
		40CEC4F11C131D560060A54D /* Release */ = {
			isa = XCBuildConfiguration;
			buildSettings = {
				ALWAYS_SEARCH_USER_PATHS = NO;
				CLANG_CXX_LANGUAGE_STANDARD = "gnu++0x";
				CLANG_CXX_LIBRARY = "libc++";
				CLANG_ENABLE_MODULES = YES;
				CLANG_ENABLE_OBJC_ARC = YES;
				CLANG_WARN_BOOL_CONVERSION = YES;
				CLANG_WARN_CONSTANT_CONVERSION = YES;
				CLANG_WARN_DIRECT_OBJC_ISA_USAGE = YES_ERROR;
				CLANG_WARN_EMPTY_BODY = YES;
				CLANG_WARN_ENUM_CONVERSION = YES;
				CLANG_WARN_INT_CONVERSION = YES;
				CLANG_WARN_OBJC_ROOT_CLASS = YES_ERROR;
				CLANG_WARN_UNREACHABLE_CODE = YES;
				CLANG_WARN__DUPLICATE_METHOD_MATCH = YES;
				CODE_SIGN_IDENTITY = "iPhone Developer: yuwei870306@163.com (T466WXSGEY)";
				"CODE_SIGN_IDENTITY[sdk=iphoneos*]" = "iPhone Developer: yuwei870306@163.com (T466WXSGEY)";
				COPY_PHASE_STRIP = NO;
				DEBUG_INFORMATION_FORMAT = "dwarf-with-dsym";
				ENABLE_NS_ASSERTIONS = NO;
				ENABLE_STRICT_OBJC_MSGSEND = YES;
				GCC_C_LANGUAGE_STANDARD = gnu99;
				GCC_NO_COMMON_BLOCKS = YES;
				GCC_WARN_64_TO_32_BIT_CONVERSION = YES;
				GCC_WARN_ABOUT_RETURN_TYPE = YES_ERROR;
				GCC_WARN_UNDECLARED_SELECTOR = YES;
				GCC_WARN_UNINITIALIZED_AUTOS = YES_AGGRESSIVE;
				GCC_WARN_UNUSED_FUNCTION = YES;
				GCC_WARN_UNUSED_VARIABLE = YES;
				IPHONEOS_DEPLOYMENT_TARGET = 9.1;
				MTL_ENABLE_DEBUG_INFO = NO;
				SDKROOT = iphoneos;
				TARGETED_DEVICE_FAMILY = "1,2";
				VALIDATE_PRODUCT = YES;
			};
			name = Release;
		};
		40CEC4F31C131D560060A54D /* Debug */ = {
			isa = XCBuildConfiguration;
			buildSettings = {
				ASSETCATALOG_COMPILER_APPICON_NAME = AppIcon;
				ASSETCATALOG_COMPILER_LAUNCHIMAGE_NAME = LaunchImage;
				CODE_SIGN_IDENTITY = "iPhone Developer";
				"CODE_SIGN_IDENTITY[sdk=iphoneos*]" = "iPhone Developer";
				INFOPLIST_FILE = JDYBrowse/Info.plist;
				IPHONEOS_DEPLOYMENT_TARGET = 7.0;
				LD_RUNPATH_SEARCH_PATHS = "$(inherited) @executable_path/Frameworks";
				PRODUCT_BUNDLE_IDENTIFIER = com.jdy.JDYBrowse;
				PRODUCT_NAME = "$(TARGET_NAME)";
				PROVISIONING_PROFILE = "";
				TARGETED_DEVICE_FAMILY = 1;
			};
			name = Debug;
		};
		40CEC4F41C131D560060A54D /* Release */ = {
			isa = XCBuildConfiguration;
			buildSettings = {
				ASSETCATALOG_COMPILER_APPICON_NAME = AppIcon;
				ASSETCATALOG_COMPILER_LAUNCHIMAGE_NAME = LaunchImage;
				CODE_SIGN_IDENTITY = "iPhone Developer";
				"CODE_SIGN_IDENTITY[sdk=iphoneos*]" = "iPhone Developer";
				INFOPLIST_FILE = JDYBrowse/Info.plist;
				IPHONEOS_DEPLOYMENT_TARGET = 7.0;
				LD_RUNPATH_SEARCH_PATHS = "$(inherited) @executable_path/Frameworks";
				PRODUCT_BUNDLE_IDENTIFIER = com.jdy.JDYBrowse;
				PRODUCT_NAME = "$(TARGET_NAME)";
				PROVISIONING_PROFILE = "";
				TARGETED_DEVICE_FAMILY = 1;
			};
			name = Release;
		};
/* End XCBuildConfiguration section */

/* Begin XCConfigurationList section */
		40CEC4D61C131D560060A54D /* Build configuration list for PBXProject "JDYBrowse" */ = {
			isa = XCConfigurationList;
			buildConfigurations = (
				40CEC4F01C131D560060A54D /* Debug */,
				40CEC4F11C131D560060A54D /* Release */,
			);
			defaultConfigurationIsVisible = 0;
			defaultConfigurationName = Release;
		};
		40CEC4F21C131D560060A54D /* Build configuration list for PBXNativeTarget "JDYBrowse" */ = {
			isa = XCConfigurationList;
			buildConfigurations = (
				40CEC4F31C131D560060A54D /* Debug */,
				40CEC4F41C131D560060A54D /* Release */,
			);
			defaultConfigurationIsVisible = 0;
			defaultConfigurationName = Release;
		};
/* End XCConfigurationList section */
	};
	rootObject = 40CEC4D31C131D560060A54D /* Project object */;
}
